
Microsoft Visual Studio Solution File, Format Version 12.00
# Visual Studio Version 16
VisualStudioVersion = 16.0.29503.13
MinimumVisualStudioVersion = 10.0.40219.1
Project("{FAE04EC0-301F-11D3-BF4B-00C04F79EFBC}") = "KTANEer", "BombThingy\KTANEer.csproj", "{4608F814-B0E0-410F-8E61-A40A18BEEDFC}"
EndProject
Global
	GlobalSection(SolutionConfigurationPlatforms) = preSolution
		Debug|Any CPU = Debug|Any CPU
		Release|Any CPU = Release|Any CPU
	EndGlobalSection
	GlobalSection(ProjectConfigurationPlatforms) = postSolution
		{4608F814-B0E0-410F-8E61-A40A18BEEDFC}.Debug|Any CPU.ActiveCfg = Debug|Any CPU
		{4608F814-B0E0-410F-8E61-A40A18BEEDFC}.Debug|Any CPU.Build.0 = Debug|Any CPU
		{4608F814-B0E0-410F-8E61-A40A18BEEDFC}.Release|Any CPU.ActiveCfg = Release|Any CPU
		{4608F814-B0E0-410F-8E61-A40A18BEEDFC}.Release|Any CPU.Build.0 = Release|Any CPU
	EndGlobalSection
	GlobalSection(SolutionProperties) = preSolution
		HideSolutionNode = FALSE
	EndGlobalSection
	GlobalSection(ExtensibilityGlobals) = postSolution
		SolutionGuid = {C4A747FE-4016-4162-86E7-43931199DA14}
	EndGlobalSection
EndGlobal
